
Microsoft Visual Studio Solution File, Format Version 12.00
# Visual Studio Version 16
VisualStudioVersion = 16.0.30413.136
MinimumVisualStudioVersion = 10.0.40219.1
Project("{9A19103F-16F7-4668-BE54-9A1E7A4F7556}") = "QSObjectManager", "QSObjectManager\QSObjectManager.csproj", "{596866FA-A439-4CF4-8687-398E0754B5BF}"
EndProject
Project("{9A19103F-16F7-4668-BE54-9A1E7A4F7556}") = "ObjectsForWorkWithQSEngine", "ObjectsForWorkWithQSEngine\ObjectsForWorkWithQSEngine.csproj", "{A2539A09-11C9-4199-B34D-F2C654ECE8ED}"
EndProject
Project("{9A19103F-16F7-4668-BE54-9A1E7A4F7556}") = "UtilClasses", "UtilClasses\UtilClasses.csproj", "{EB712AD4-1459-448F-A4F7-EB4B787F0649}"
EndProject
Project("{9A19103F-16F7-4668-BE54-9A1E7A4F7556}") = "ConsoleApp1", "ConsoleApp1\ConsoleApp1.csproj", "{3B88E158-C9B4-4248-9946-C9A7A0A5DC66}"
EndProject
Project("{9A19103F-16F7-4668-BE54-9A1E7A4F7556}") = "MyBookmark", "ConsoleApp2\MyBookmark.csproj", "{73CB3F64-D0B7-4E7C-A2DF-514D11F2F06F}"
EndProject
Project("{9A19103F-16F7-4668-BE54-9A1E7A4F7556}") = "MyRequest", "Request\MyRequest.csproj", "{EF005DD0-F811-443E-A2CF-DA68348ACB2F}"
EndProject
Project("{FAE04EC0-301F-11D3-BF4B-00C04F79EFBC}") = "MConnect", "MConnect\MConnect.csproj", "{3F7E7C0A-4C11-4FD7-B2A5-9D476AD196BE}"
EndProject
Project("{FAE04EC0-301F-11D3-BF4B-00C04F79EFBC}") = "TestConnection", "TestConnection\TestConnection.csproj", "{7F7D7DD8-D6A9-47D0-B212-34327C1C96B0}"
EndProject
Global
	GlobalSection(SolutionConfigurationPlatforms) = preSolution
		Debug|Any CPU = Debug|Any CPU
		Release|Any CPU = Release|Any CPU
	EndGlobalSection
	GlobalSection(ProjectConfigurationPlatforms) = postSolution
		{596866FA-A439-4CF4-8687-398E0754B5BF}.Debug|Any CPU.ActiveCfg = Debug|Any CPU
		{596866FA-A439-4CF4-8687-398E0754B5BF}.Debug|Any CPU.Build.0 = Debug|Any CPU
		{596866FA-A439-4CF4-8687-398E0754B5BF}.Release|Any CPU.ActiveCfg = Release|Any CPU
		{596866FA-A439-4CF4-8687-398E0754B5BF}.Release|Any CPU.Build.0 = Release|Any CPU
		{A2539A09-11C9-4199-B34D-F2C654ECE8ED}.Debug|Any CPU.ActiveCfg = Debug|Any CPU
		{A2539A09-11C9-4199-B34D-F2C654ECE8ED}.Debug|Any CPU.Build.0 = Debug|Any CPU
		{A2539A09-11C9-4199-B34D-F2C654ECE8ED}.Release|Any CPU.ActiveCfg = Release|Any CPU
		{A2539A09-11C9-4199-B34D-F2C654ECE8ED}.Release|Any CPU.Build.0 = Release|Any CPU
		{EB712AD4-1459-448F-A4F7-EB4B787F0649}.Debug|Any CPU.ActiveCfg = Debug|Any CPU
		{EB712AD4-1459-448F-A4F7-EB4B787F0649}.Debug|Any CPU.Build.0 = Debug|Any CPU
		{EB712AD4-1459-448F-A4F7-EB4B787F0649}.Release|Any CPU.ActiveCfg = Release|Any CPU
		{EB712AD4-1459-448F-A4F7-EB4B787F0649}.Release|Any CPU.Build.0 = Release|Any CPU
		{3B88E158-C9B4-4248-9946-C9A7A0A5DC66}.Debug|Any CPU.ActiveCfg = Debug|Any CPU
		{3B88E158-C9B4-4248-9946-C9A7A0A5DC66}.Debug|Any CPU.Build.0 = Debug|Any CPU
		{3B88E158-C9B4-4248-9946-C9A7A0A5DC66}.Release|Any CPU.ActiveCfg = Release|Any CPU
		{3B88E158-C9B4-4248-9946-C9A7A0A5DC66}.Release|Any CPU.Build.0 = Release|Any CPU
		{73CB3F64-D0B7-4E7C-A2DF-514D11F2F06F}.Debug|Any CPU.ActiveCfg = Debug|Any CPU
		{73CB3F64-D0B7-4E7C-A2DF-514D11F2F06F}.Debug|Any CPU.Build.0 = Debug|Any CPU
		{73CB3F64-D0B7-4E7C-A2DF-514D11F2F06F}.Release|Any CPU.ActiveCfg = Release|Any CPU
		{73CB3F64-D0B7-4E7C-A2DF-514D11F2F06F}.Release|Any CPU.Build.0 = Release|Any CPU
		{EF005DD0-F811-443E-A2CF-DA68348ACB2F}.Debug|Any CPU.ActiveCfg = Debug|Any CPU
		{EF005DD0-F811-443E-A2CF-DA68348ACB2F}.Debug|Any CPU.Build.0 = Debug|Any CPU
		{EF005DD0-F811-443E-A2CF-DA68348ACB2F}.Release|Any CPU.ActiveCfg = Release|Any CPU
		{EF005DD0-F811-443E-A2CF-DA68348ACB2F}.Release|Any CPU.Build.0 = Release|Any CPU
		{3F7E7C0A-4C11-4FD7-B2A5-9D476AD196BE}.Debug|Any CPU.ActiveCfg = Debug|Any CPU
		{3F7E7C0A-4C11-4FD7-B2A5-9D476AD196BE}.Debug|Any CPU.Build.0 = Debug|Any CPU
		{3F7E7C0A-4C11-4FD7-B2A5-9D476AD196BE}.Release|Any CPU.ActiveCfg = Release|Any CPU
		{3F7E7C0A-4C11-4FD7-B2A5-9D476AD196BE}.Release|Any CPU.Build.0 = Release|Any CPU
		{7F7D7DD8-D6A9-47D0-B212-34327C1C96B0}.Debug|Any CPU.ActiveCfg = Debug|Any CPU
		{7F7D7DD8-D6A9-47D0-B212-34327C1C96B0}.Debug|Any CPU.Build.0 = Debug|Any CPU
		{7F7D7DD8-D6A9-47D0-B212-34327C1C96B0}.Release|Any CPU.ActiveCfg = Release|Any CPU
		{7F7D7DD8-D6A9-47D0-B212-34327C1C96B0}.Release|Any CPU.Build.0 = Release|Any CPU
	EndGlobalSection
	GlobalSection(SolutionProperties) = preSolution
		HideSolutionNode = FALSE
	EndGlobalSection
	GlobalSection(ExtensibilityGlobals) = postSolution
		SolutionGuid = {5D21E1EA-1686-4106-A392-978190609034}
	EndGlobalSection
EndGlobal
